
Microsoft Visual Studio Solution File, Format Version 12.00
Project("{FAE04EC0-301F-11D3-BF4B-00C04F79EFBC}") = "TestAliProj", "TestAliProj\TestAliProj.csproj", "{A7AECA84-7B82-44FD-8C9F-134273D87CE0}"
EndProject
Project("{FAE04EC0-301F-11D3-BF4B-00C04F79EFBC}") = "DAL", "DAL\DAL.csproj", "{DE553B5C-6856-44F1-9241-2972E4164142}"
EndProject
Project("{FAE04EC0-301F-11D3-BF4B-00C04F79EFBC}") = "BLL", "BLL\BLL.csproj", "{C93D1004-88EC-42B3-8191-EB4650B25231}"
EndProject
Global
	GlobalSection(SolutionConfigurationPlatforms) = preSolution
		Debug|Any CPU = Debug|Any CPU
		Release|Any CPU = Release|Any CPU
	EndGlobalSection
	GlobalSection(ProjectConfigurationPlatforms) = postSolution
		{A7AECA84-7B82-44FD-8C9F-134273D87CE0}.Debug|Any CPU.ActiveCfg = Debug|Any CPU
		{A7AECA84-7B82-44FD-8C9F-134273D87CE0}.Debug|Any CPU.Build.0 = Debug|Any CPU
		{A7AECA84-7B82-44FD-8C9F-134273D87CE0}.Release|Any CPU.ActiveCfg = Release|Any CPU
		{A7AECA84-7B82-44FD-8C9F-134273D87CE0}.Release|Any CPU.Build.0 = Release|Any CPU
		{DE553B5C-6856-44F1-9241-2972E4164142}.Debug|Any CPU.ActiveCfg = Debug|Any CPU
		{DE553B5C-6856-44F1-9241-2972E4164142}.Debug|Any CPU.Build.0 = Debug|Any CPU
		{DE553B5C-6856-44F1-9241-2972E4164142}.Release|Any CPU.ActiveCfg = Release|Any CPU
		{DE553B5C-6856-44F1-9241-2972E4164142}.Release|Any CPU.Build.0 = Release|Any CPU
		{C93D1004-88EC-42B3-8191-EB4650B25231}.Debug|Any CPU.ActiveCfg = Debug|Any CPU
		{C93D1004-88EC-42B3-8191-EB4650B25231}.Debug|Any CPU.Build.0 = Debug|Any CPU
		{C93D1004-88EC-42B3-8191-EB4650B25231}.Release|Any CPU.ActiveCfg = Release|Any CPU
		{C93D1004-88EC-42B3-8191-EB4650B25231}.Release|Any CPU.Build.0 = Release|Any CPU
	EndGlobalSection
EndGlobal
